# This file is automatically @generated by Poetry 1.8.3 and should not be changed by hand.

[[package]]
name = "attrs"
version = "23.2.0"
description = "Classes Without Boilerplate"
optional = false
python-versions = ">=3.7"
files = [
    {file = "attrs-23.2.0-py3-none-any.whl", hash = "sha256:99b87a485a5820b23b879f04c2305b44b951b502fd64be915879d77a7e8fc6f1"},
    {file = "attrs-23.2.0.tar.gz", hash = "sha256:935dc3b529c262f6cf76e50877d35a4bd3c1de194fd41f47a2b7ae8f19971f30"},
]

[package.extras]
cov = ["attrs[tests]", "coverage[toml] (>=5.3)"]
dev = ["attrs[tests]", "pre-commit"]
docs = ["furo", "myst-parser", "sphinx", "sphinx-notfound-page", "sphinxcontrib-towncrier", "towncrier", "zope-interface"]
tests = ["attrs[tests-no-zope]", "zope-interface"]
tests-mypy = ["mypy (>=1.6)", "pytest-mypy-plugins"]
tests-no-zope = ["attrs[tests-mypy]", "cloudpickle", "hypothesis", "pympler", "pytest (>=4.3.0)", "pytest-xdist[psutil]"]

[[package]]
name = "certifi"
version = "2024.7.4"
description = "Python package for providing Mozilla's CA Bundle."
optional = false
python-versions = ">=3.6"
files = [
    {file = "certifi-2024.7.4-py3-none-any.whl", hash = "sha256:c198e21b1289c2ab85ee4e67bb4b4ef3ead0892059901a8d5b622f24a1101e90"},
    {file = "certifi-2024.7.4.tar.gz", hash = "sha256:5a1e7645bc0ec61a09e26c36f6106dd4cf40c6db3a1fb6352b0244e7fb057c7b"},
]

[[package]]
name = "libnum"
version = "1.7.1"
description = "Working with numbers (primes, modular, etc.)"
optional = false
python-versions = ">=3.4,<4.0"
files = [
    {file = "libnum-1.7.1-py3-none-any.whl", hash = "sha256:eb56a64397e68571795792a6732102387dd74d16596a115e03c3d0215149fa35"},
    {file = "libnum-1.7.1.tar.gz", hash = "sha256:c13d0001c8e67d0e310e36f16b59c14114840b718888a613e17ad36c6ecc9422"},
]

[[package]]
name = "pycryptodomex"
version = "3.20.0"
description = "Cryptographic library for Python"
optional = false
python-versions = ">=2.7, !=3.0.*, !=3.1.*, !=3.2.*, !=3.3.*, !=3.4.*"
files = [
    {file = "pycryptodomex-3.20.0-cp27-cp27m-macosx_10_9_x86_64.whl", hash = "sha256:645bd4ca6f543685d643dadf6a856cc382b654cc923460e3a10a49c1b3832aeb"},
    {file = "pycryptodomex-3.20.0-cp27-cp27m-manylinux2010_i686.whl", hash = "sha256:ff5c9a67f8a4fba4aed887216e32cbc48f2a6fb2673bb10a99e43be463e15913"},
    {file = "pycryptodomex-3.20.0-cp27-cp27m-manylinux2010_x86_64.whl", hash = "sha256:8ee606964553c1a0bc74057dd8782a37d1c2bc0f01b83193b6f8bb14523b877b"},
    {file = "pycryptodomex-3.20.0-cp27-cp27m-manylinux_2_17_aarch64.manylinux2014_aarch64.whl", hash = "sha256:7805830e0c56d88f4d491fa5ac640dfc894c5ec570d1ece6ed1546e9df2e98d6"},
    {file = "pycryptodomex-3.20.0-cp27-cp27m-musllinux_1_1_aarch64.whl", hash = "sha256:bc3ee1b4d97081260d92ae813a83de4d2653206967c4a0a017580f8b9548ddbc"},
    {file = "pycryptodomex-3.20.0-cp27-cp27m-win32.whl", hash = "sha256:8af1a451ff9e123d0d8bd5d5e60f8e3315c3a64f3cdd6bc853e26090e195cdc8"},
    {file = "pycryptodomex-3.20.0-cp27-cp27m-win_amd64.whl", hash = "sha256:cbe71b6712429650e3883dc81286edb94c328ffcd24849accac0a4dbcc76958a"},
    {file = "pycryptodomex-3.20.0-cp27-cp27mu-manylinux2010_i686.whl", hash = "sha256:76bd15bb65c14900d98835fcd10f59e5e0435077431d3a394b60b15864fddd64"},
    {file = "pycryptodomex-3.20.0-cp27-cp27mu-manylinux2010_x86_64.whl", hash = "sha256:653b29b0819605fe0898829c8ad6400a6ccde096146730c2da54eede9b7b8baa"},
    {file = "pycryptodomex-3.20.0-cp27-cp27mu-manylinux_2_17_aarch64.manylinux2014_aarch64.whl", hash = "sha256:62a5ec91388984909bb5398ea49ee61b68ecb579123694bffa172c3b0a107079"},
    {file = "pycryptodomex-3.20.0-cp27-cp27mu-musllinux_1_1_aarch64.whl", hash = "sha256:108e5f1c1cd70ffce0b68739c75734437c919d2eaec8e85bffc2c8b4d2794305"},
    {file = "pycryptodomex-3.20.0-cp35-abi3-macosx_10_9_universal2.whl", hash = "sha256:59af01efb011b0e8b686ba7758d59cf4a8263f9ad35911bfe3f416cee4f5c08c"},
    {file = "pycryptodomex-3.20.0-cp35-abi3-macosx_10_9_x86_64.whl", hash = "sha256:82ee7696ed8eb9a82c7037f32ba9b7c59e51dda6f105b39f043b6ef293989cb3"},
    {file = "pycryptodomex-3.20.0-cp35-abi3-manylinux_2_17_aarch64.manylinux2014_aarch64.whl", hash = "sha256:91852d4480a4537d169c29a9d104dda44094c78f1f5b67bca76c29a91042b623"},
    {file = "pycryptodomex-3.20.0-cp35-abi3-manylinux_2_17_x86_64.manylinux2014_x86_64.whl", hash = "sha256:bca649483d5ed251d06daf25957f802e44e6bb6df2e8f218ae71968ff8f8edc4"},
    {file = "pycryptodomex-3.20.0-cp35-abi3-manylinux_2_5_i686.manylinux1_i686.manylinux_2_17_i686.manylinux2014_i686.whl", hash = "sha256:6e186342cfcc3aafaad565cbd496060e5a614b441cacc3995ef0091115c1f6c5"},
    {file = "pycryptodomex-3.20.0-cp35-abi3-musllinux_1_1_aarch64.whl", hash = "sha256:25cd61e846aaab76d5791d006497134602a9e451e954833018161befc3b5b9ed"},
    {file = "pycryptodomex-3.20.0-cp35-abi3-musllinux_1_1_i686.whl", hash = "sha256:9c682436c359b5ada67e882fec34689726a09c461efd75b6ea77b2403d5665b7"},
    {file = "pycryptodomex-3.20.0-cp35-abi3-musllinux_1_1_x86_64.whl", hash = "sha256:7a7a8f33a1f1fb762ede6cc9cbab8f2a9ba13b196bfaf7bc6f0b39d2ba315a43"},
    {file = "pycryptodomex-3.20.0-cp35-abi3-win32.whl", hash = "sha256:c39778fd0548d78917b61f03c1fa8bfda6cfcf98c767decf360945fe6f97461e"},
    {file = "pycryptodomex-3.20.0-cp35-abi3-win_amd64.whl", hash = "sha256:2a47bcc478741b71273b917232f521fd5704ab4b25d301669879e7273d3586cc"},
    {file = "pycryptodomex-3.20.0-pp27-pypy_73-manylinux2010_x86_64.whl", hash = "sha256:1be97461c439a6af4fe1cf8bf6ca5936d3db252737d2f379cc6b2e394e12a458"},
    {file = "pycryptodomex-3.20.0-pp27-pypy_73-win32.whl", hash = "sha256:19764605feea0df966445d46533729b645033f134baeb3ea26ad518c9fdf212c"},
    {file = "pycryptodomex-3.20.0-pp310-pypy310_pp73-macosx_10_9_x86_64.whl", hash = "sha256:f2e497413560e03421484189a6b65e33fe800d3bd75590e6d78d4dfdb7accf3b"},
    {file = "pycryptodomex-3.20.0-pp310-pypy310_pp73-manylinux_2_17_x86_64.manylinux2014_x86_64.whl", hash = "sha256:e48217c7901edd95f9f097feaa0388da215ed14ce2ece803d3f300b4e694abea"},
    {file = "pycryptodomex-3.20.0-pp310-pypy310_pp73-manylinux_2_5_i686.manylinux1_i686.manylinux_2_17_i686.manylinux2014_i686.whl", hash = "sha256:d00fe8596e1cc46b44bf3907354e9377aa030ec4cd04afbbf6e899fc1e2a7781"},
    {file = "pycryptodomex-3.20.0-pp310-pypy310_pp73-win_amd64.whl", hash = "sha256:88afd7a3af7ddddd42c2deda43d53d3dfc016c11327d0915f90ca34ebda91499"},
    {file = "pycryptodomex-3.20.0-pp39-pypy39_pp73-macosx_10_9_x86_64.whl", hash = "sha256:d3584623e68a5064a04748fb6d76117a21a7cb5eaba20608a41c7d0c61721794"},
    {file = "pycryptodomex-3.20.0-pp39-pypy39_pp73-manylinux_2_17_x86_64.manylinux2014_x86_64.whl", hash = "sha256:0daad007b685db36d977f9de73f61f8da2a7104e20aca3effd30752fd56f73e1"},
    {file = "pycryptodomex-3.20.0-pp39-pypy39_pp73-manylinux_2_5_i686.manylinux1_i686.manylinux_2_17_i686.manylinux2014_i686.whl", hash = "sha256:5dcac11031a71348faaed1f403a0debd56bf5404232284cf8c761ff918886ebc"},
    {file = "pycryptodomex-3.20.0-pp39-pypy39_pp73-win_amd64.whl", hash = "sha256:69138068268127cd605e03438312d8f271135a33140e2742b417d027a0539427"},
    {file = "pycryptodomex-3.20.0.tar.gz", hash = "sha256:7a710b79baddd65b806402e14766c721aee8fb83381769c27920f26476276c1e"},
]

[metadata]
lock-version = "2.0"
python-versions = "^3.11"
content-hash = "d915e6b0e1b43b3281b52a80b22bab9e667090c645d93ab19599a1765110cae3"
